
Microsoft Visual Studio Solution File, Format Version 12.00
# Visual Studio Version 17
VisualStudioVersion = 17.7.34003.232
MinimumVisualStudioVersion = 10.0.40219.1
Project("{FAE04EC0-301F-11D3-BF4B-00C04F79EFBC}") = "Test-task-1", "Test-task-1\Test-task-1.csproj", "{4344D355-9412-4D4D-8EC0-F76CCDF51CF0}"
EndProject
Global
	GlobalSection(SolutionConfigurationPlatforms) = preSolution
		Debug|Any CPU = Debug|Any CPU
		Release|Any CPU = Release|Any CPU
	EndGlobalSection
	GlobalSection(ProjectConfigurationPlatforms) = postSolution
		{4344D355-9412-4D4D-8EC0-F76CCDF51CF0}.Debug|Any CPU.ActiveCfg = Debug|Any CPU
		{4344D355-9412-4D4D-8EC0-F76CCDF51CF0}.Debug|Any CPU.Build.0 = Debug|Any CPU
		{4344D355-9412-4D4D-8EC0-F76CCDF51CF0}.Release|Any CPU.ActiveCfg = Release|Any CPU
		{4344D355-9412-4D4D-8EC0-F76CCDF51CF0}.Release|Any CPU.Build.0 = Release|Any CPU
	EndGlobalSection
	GlobalSection(SolutionProperties) = preSolution
		HideSolutionNode = FALSE
	EndGlobalSection
	GlobalSection(ExtensibilityGlobals) = postSolution
		SolutionGuid = {BFD80FDD-6047-462B-BA4C-E06897A05BD6}
	EndGlobalSection
EndGlobal
